
Microsoft Visual Studio Solution File, Format Version 12.00
# Visual Studio Version 16
VisualStudioVersion = 16.0.29324.140
MinimumVisualStudioVersion = 10.0.40219.1
Project("{FAE04EC0-301F-11D3-BF4B-00C04F79EFBC}") = "Referee board", "Referee board.csproj", "{69186225-4A05-4499-8368-815B32CE9501}"
EndProject
Global
	GlobalSection(SolutionConfigurationPlatforms) = preSolution
		Debug|Any CPU = Debug|Any CPU
		Release|Any CPU = Release|Any CPU
	EndGlobalSection
	GlobalSection(ProjectConfigurationPlatforms) = postSolution
		{69186225-4A05-4499-8368-815B32CE9501}.Debug|Any CPU.ActiveCfg = Debug|Any CPU
		{69186225-4A05-4499-8368-815B32CE9501}.Debug|Any CPU.Build.0 = Debug|Any CPU
		{69186225-4A05-4499-8368-815B32CE9501}.Release|Any CPU.ActiveCfg = Release|Any CPU
		{69186225-4A05-4499-8368-815B32CE9501}.Release|Any CPU.Build.0 = Release|Any CPU
	EndGlobalSection
	GlobalSection(SolutionProperties) = preSolution
		HideSolutionNode = FALSE
	EndGlobalSection
	GlobalSection(ExtensibilityGlobals) = postSolution
		SolutionGuid = {5C527810-D763-40B2-952B-E3F4A83160C5}
	EndGlobalSection
EndGlobal
